
Microsoft Visual Studio Solution File, Format Version 12.00
# Visual Studio 15
VisualStudioVersion = 15.0.28307.329
MinimumVisualStudioVersion = 10.0.40219.1
Project("{FAE04EC0-301F-11D3-BF4B-00C04F79EFBC}") = "Medieval RPG", "ConsoleApp4\Medieval RPG.csproj", "{10B95C80-9750-4E23-915D-CE42C7BC7CAD}"
EndProject
Global
	GlobalSection(SolutionConfigurationPlatforms) = preSolution
		Debug|Any CPU = Debug|Any CPU
		Release|Any CPU = Release|Any CPU
	EndGlobalSection
	GlobalSection(ProjectConfigurationPlatforms) = postSolution
		{10B95C80-9750-4E23-915D-CE42C7BC7CAD}.Debug|Any CPU.ActiveCfg = Debug|Any CPU
		{10B95C80-9750-4E23-915D-CE42C7BC7CAD}.Debug|Any CPU.Build.0 = Debug|Any CPU
		{10B95C80-9750-4E23-915D-CE42C7BC7CAD}.Release|Any CPU.ActiveCfg = Release|Any CPU
		{10B95C80-9750-4E23-915D-CE42C7BC7CAD}.Release|Any CPU.Build.0 = Release|Any CPU
	EndGlobalSection
	GlobalSection(SolutionProperties) = preSolution
		HideSolutionNode = FALSE
	EndGlobalSection
	GlobalSection(ExtensibilityGlobals) = postSolution
		SolutionGuid = {37230F82-0AFA-4308-BC1D-47F8449FEB78}
	EndGlobalSection
EndGlobal
